
Microsoft Visual Studio Solution File, Format Version 12.00
# Visual Studio Version 17
VisualStudioVersion = 17.14.37012.4 d17.14
MinimumVisualStudioVersion = 10.0.40219.1
Project("{FAE04EC0-301F-11D3-BF4B-00C04F79EFBC}") = "Lesson 3", "Lesson 3.csproj", "{41F688B7-4EE4-46CF-A3CA-25347D2A02EB}"
EndProject
Global
	GlobalSection(SolutionConfigurationPlatforms) = preSolution
		Debug|Any CPU = Debug|Any CPU
		Release|Any CPU = Release|Any CPU
	EndGlobalSection
	GlobalSection(ProjectConfigurationPlatforms) = postSolution
		{41F688B7-4EE4-46CF-A3CA-25347D2A02EB}.Debug|Any CPU.ActiveCfg = Debug|Any CPU
		{41F688B7-4EE4-46CF-A3CA-25347D2A02EB}.Debug|Any CPU.Build.0 = Debug|Any CPU
		{41F688B7-4EE4-46CF-A3CA-25347D2A02EB}.Release|Any CPU.ActiveCfg = Release|Any CPU
		{41F688B7-4EE4-46CF-A3CA-25347D2A02EB}.Release|Any CPU.Build.0 = Release|Any CPU
	EndGlobalSection
	GlobalSection(SolutionProperties) = preSolution
		HideSolutionNode = FALSE
	EndGlobalSection
	GlobalSection(ExtensibilityGlobals) = postSolution
		SolutionGuid = {D190CD74-059F-4746-8D32-6563DE8F5DE5}
	EndGlobalSection
EndGlobal
