
Microsoft Visual Studio Solution File, Format Version 12.00
# Visual Studio Version 17
VisualStudioVersion = 17.14.37012.4 d17.14
MinimumVisualStudioVersion = 10.0.40219.1
Project("{FAE04EC0-301F-11D3-BF4B-00C04F79EFBC}") = "Lesson4", "Lesson4.csproj", "{AB246582-FE1E-4D95-A97D-2F04EFB29098}"
EndProject
Global
	GlobalSection(SolutionConfigurationPlatforms) = preSolution
		Debug|Any CPU = Debug|Any CPU
		Release|Any CPU = Release|Any CPU
	EndGlobalSection
	GlobalSection(ProjectConfigurationPlatforms) = postSolution
		{AB246582-FE1E-4D95-A97D-2F04EFB29098}.Debug|Any CPU.ActiveCfg = Debug|Any CPU
		{AB246582-FE1E-4D95-A97D-2F04EFB29098}.Debug|Any CPU.Build.0 = Debug|Any CPU
		{AB246582-FE1E-4D95-A97D-2F04EFB29098}.Release|Any CPU.ActiveCfg = Release|Any CPU
		{AB246582-FE1E-4D95-A97D-2F04EFB29098}.Release|Any CPU.Build.0 = Release|Any CPU
	EndGlobalSection
	GlobalSection(SolutionProperties) = preSolution
		HideSolutionNode = FALSE
	EndGlobalSection
	GlobalSection(ExtensibilityGlobals) = postSolution
		SolutionGuid = {6240B447-109E-429D-BA56-31D3718C6B5F}
	EndGlobalSection
EndGlobal
