
Microsoft Visual Studio Solution File, Format Version 12.00
# Visual Studio Version 17
VisualStudioVersion = 17.14.37012.4 d17.14
MinimumVisualStudioVersion = 10.0.40219.1
Project("{FAE04EC0-301F-11D3-BF4B-00C04F79EFBC}") = "RestaurantOrderingSystem", "RestaurantOrderingSystem.csproj", "{0CA64004-2568-4D56-884A-CCB9D3FF1197}"
EndProject
Global
	GlobalSection(SolutionConfigurationPlatforms) = preSolution
		Debug|Any CPU = Debug|Any CPU
		Release|Any CPU = Release|Any CPU
	EndGlobalSection
	GlobalSection(ProjectConfigurationPlatforms) = postSolution
		{0CA64004-2568-4D56-884A-CCB9D3FF1197}.Debug|Any CPU.ActiveCfg = Debug|Any CPU
		{0CA64004-2568-4D56-884A-CCB9D3FF1197}.Debug|Any CPU.Build.0 = Debug|Any CPU
		{0CA64004-2568-4D56-884A-CCB9D3FF1197}.Release|Any CPU.ActiveCfg = Release|Any CPU
		{0CA64004-2568-4D56-884A-CCB9D3FF1197}.Release|Any CPU.Build.0 = Release|Any CPU
	EndGlobalSection
	GlobalSection(SolutionProperties) = preSolution
		HideSolutionNode = FALSE
	EndGlobalSection
	GlobalSection(ExtensibilityGlobals) = postSolution
		SolutionGuid = {A15976FE-202F-41C9-93D9-5E7B24D2963F}
	EndGlobalSection
EndGlobal
