
Microsoft Visual Studio Solution File, Format Version 12.00
# Visual Studio Version 17
VisualStudioVersion = 17.14.37012.4 d17.14
MinimumVisualStudioVersion = 10.0.40219.1
Project("{FAE04EC0-301F-11D3-BF4B-00C04F79EFBC}") = "GameCharacterSystem", "GameCharacterSystem.csproj", "{046B0749-5664-42BC-929B-B624FEF5E047}"
EndProject
Global
	GlobalSection(SolutionConfigurationPlatforms) = preSolution
		Debug|Any CPU = Debug|Any CPU
		Release|Any CPU = Release|Any CPU
	EndGlobalSection
	GlobalSection(ProjectConfigurationPlatforms) = postSolution
		{046B0749-5664-42BC-929B-B624FEF5E047}.Debug|Any CPU.ActiveCfg = Debug|Any CPU
		{046B0749-5664-42BC-929B-B624FEF5E047}.Debug|Any CPU.Build.0 = Debug|Any CPU
		{046B0749-5664-42BC-929B-B624FEF5E047}.Release|Any CPU.ActiveCfg = Release|Any CPU
		{046B0749-5664-42BC-929B-B624FEF5E047}.Release|Any CPU.Build.0 = Release|Any CPU
	EndGlobalSection
	GlobalSection(SolutionProperties) = preSolution
		HideSolutionNode = FALSE
	EndGlobalSection
	GlobalSection(ExtensibilityGlobals) = postSolution
		SolutionGuid = {4E61D3C9-E319-455D-9C65-182CA1507C98}
	EndGlobalSection
EndGlobal
