<<<<<<< HEAD
﻿
Microsoft Visual Studio Solution File, Format Version 12.00
# Visual Studio Version 17
VisualStudioVersion = 17.14.37012.4 d17.14
MinimumVisualStudioVersion = 10.0.40219.1
Project("{FAE04EC0-301F-11D3-BF4B-00C04F79EFBC}") = "EmployeePayrollSystem", "EmployeePayrollSystem.csproj", "{12F93A32-3DB1-401B-95F6-195C8C88A9F0}"
EndProject
Global
	GlobalSection(SolutionConfigurationPlatforms) = preSolution
		Debug|Any CPU = Debug|Any CPU
		Release|Any CPU = Release|Any CPU
	EndGlobalSection
	GlobalSection(ProjectConfigurationPlatforms) = postSolution
		{12F93A32-3DB1-401B-95F6-195C8C88A9F0}.Debug|Any CPU.ActiveCfg = Debug|Any CPU
		{12F93A32-3DB1-401B-95F6-195C8C88A9F0}.Debug|Any CPU.Build.0 = Debug|Any CPU
		{12F93A32-3DB1-401B-95F6-195C8C88A9F0}.Release|Any CPU.ActiveCfg = Release|Any CPU
		{12F93A32-3DB1-401B-95F6-195C8C88A9F0}.Release|Any CPU.Build.0 = Release|Any CPU
	EndGlobalSection
	GlobalSection(SolutionProperties) = preSolution
		HideSolutionNode = FALSE
	EndGlobalSection
	GlobalSection(ExtensibilityGlobals) = postSolution
		SolutionGuid = {5D9EB77B-86DF-4EFC-8890-41FDB7776949}
	EndGlobalSection
EndGlobal
=======
﻿
Microsoft Visual Studio Solution File, Format Version 12.00
# Visual Studio Version 17
VisualStudioVersion = 17.9.34622.214
MinimumVisualStudioVersion = 10.0.40219.1
Project("{FAE04EC0-301F-11D3-BF4B-00C04F79EFBC}") = "EmployeePayrollSystem", "EmployeePayrollSystem.csproj", "{602F4C3A-B92C-4DBF-BD64-C458472C12F0}"
EndProject
Global
	GlobalSection(SolutionConfigurationPlatforms) = preSolution
		Debug|Any CPU = Debug|Any CPU
		Release|Any CPU = Release|Any CPU
	EndGlobalSection
	GlobalSection(ProjectConfigurationPlatforms) = postSolution
		{602F4C3A-B92C-4DBF-BD64-C458472C12F0}.Debug|Any CPU.ActiveCfg = Debug|Any CPU
		{602F4C3A-B92C-4DBF-BD64-C458472C12F0}.Debug|Any CPU.Build.0 = Debug|Any CPU
		{602F4C3A-B92C-4DBF-BD64-C458472C12F0}.Release|Any CPU.ActiveCfg = Release|Any CPU
		{602F4C3A-B92C-4DBF-BD64-C458472C12F0}.Release|Any CPU.Build.0 = Release|Any CPU
	EndGlobalSection
	GlobalSection(SolutionProperties) = preSolution
		HideSolutionNode = FALSE
	EndGlobalSection
	GlobalSection(ExtensibilityGlobals) = postSolution
		SolutionGuid = {6DF45330-CD85-42EE-B915-6723B672C2ED}
	EndGlobalSection
EndGlobal
>>>>>>> dc12548130aeb50905ddce44b8ba16c469423f90
