<<<<<<< HEAD
﻿
Microsoft Visual Studio Solution File, Format Version 12.00
# Visual Studio Version 17
VisualStudioVersion = 17.14.37012.4 d17.14
MinimumVisualStudioVersion = 10.0.40219.1
Project("{FAE04EC0-301F-11D3-BF4B-00C04F79EFBC}") = "CRUDop", "CRUDop.csproj", "{2EB975B1-AF62-48BA-836F-3DD7675FD2A2}"
EndProject
Global
	GlobalSection(SolutionConfigurationPlatforms) = preSolution
		Debug|Any CPU = Debug|Any CPU
		Release|Any CPU = Release|Any CPU
	EndGlobalSection
	GlobalSection(ProjectConfigurationPlatforms) = postSolution
		{2EB975B1-AF62-48BA-836F-3DD7675FD2A2}.Debug|Any CPU.ActiveCfg = Debug|Any CPU
		{2EB975B1-AF62-48BA-836F-3DD7675FD2A2}.Debug|Any CPU.Build.0 = Debug|Any CPU
		{2EB975B1-AF62-48BA-836F-3DD7675FD2A2}.Release|Any CPU.ActiveCfg = Release|Any CPU
		{2EB975B1-AF62-48BA-836F-3DD7675FD2A2}.Release|Any CPU.Build.0 = Release|Any CPU
	EndGlobalSection
	GlobalSection(SolutionProperties) = preSolution
		HideSolutionNode = FALSE
	EndGlobalSection
	GlobalSection(ExtensibilityGlobals) = postSolution
		SolutionGuid = {5BC5FDBE-9B38-4B98-8145-166DCBA08BD4}
	EndGlobalSection
EndGlobal
=======
﻿
Microsoft Visual Studio Solution File, Format Version 12.00
# Visual Studio Version 17
VisualStudioVersion = 17.14.37012.4 d17.14
MinimumVisualStudioVersion = 10.0.40219.1
Project("{FAE04EC0-301F-11D3-BF4B-00C04F79EFBC}") = "CRUDop", "CRUDop.csproj", "{2EB975B1-AF62-48BA-836F-3DD7675FD2A2}"
EndProject
Global
	GlobalSection(SolutionConfigurationPlatforms) = preSolution
		Debug|Any CPU = Debug|Any CPU
		Release|Any CPU = Release|Any CPU
	EndGlobalSection
	GlobalSection(ProjectConfigurationPlatforms) = postSolution
		{2EB975B1-AF62-48BA-836F-3DD7675FD2A2}.Debug|Any CPU.ActiveCfg = Debug|Any CPU
		{2EB975B1-AF62-48BA-836F-3DD7675FD2A2}.Debug|Any CPU.Build.0 = Debug|Any CPU
		{2EB975B1-AF62-48BA-836F-3DD7675FD2A2}.Release|Any CPU.ActiveCfg = Release|Any CPU
		{2EB975B1-AF62-48BA-836F-3DD7675FD2A2}.Release|Any CPU.Build.0 = Release|Any CPU
	EndGlobalSection
	GlobalSection(SolutionProperties) = preSolution
		HideSolutionNode = FALSE
	EndGlobalSection
	GlobalSection(ExtensibilityGlobals) = postSolution
		SolutionGuid = {5BC5FDBE-9B38-4B98-8145-166DCBA08BD4}
	EndGlobalSection
EndGlobal
>>>>>>> f1fd9259c06725f9a30786509326a6e923171712
